{
  "name": "Angular-Material",
  "lockfileVersion": 2,
  "requires": true,
  "packages": {
    "": {
      "dependencies": {
        "@angular/cdk": "^12.1.4",
        "@angular/material": "^12.1.4"
      }
    },
    "node_modules/@angular/animations": {
      "version": "12.1.4",
      "resolved": "https://registry.npmjs.org/@angular/animations/-/animations-12.1.4.tgz",
      "integrity": "sha512-6PkVF2HGwmNdG0IUUyXkxwnLdX7xVUCFldKNFap90lWTEPumO7+zcmzP4JELE6jkmHSykTZjPwlWXvuxdP+YJg==",
      "peer": true,
      "dependencies": {
        "tslib": "^2.2.0"
      },
      "engines": {
        "node": "^12.14.1 || >=14.0.0"
      },
      "peerDependencies": {
        "@angular/core": "12.1.4"
      }
    },
    "node_modules/@angular/cdk": {
      "version": "12.1.4",
      "resolved": "https://registry.npmjs.org/@angular/cdk/-/cdk-12.1.4.tgz",
      "integrity": "sha512-so8HP7jRNkGfdTkPmFVqyW4pj1vU0ASG1NaZMDXnin44PVjbJpaKhQsArhQ/yOmRP9XzP6TR3zHzmxszfGiaKg==",
      "dependencies": {
        "tslib": "^2.2.0"
      },
      "optionalDependencies": {
        "parse5": "^5.0.0"
      },
      "peerDependencies": {
        "@angular/common": "^12.0.0 || ^13.0.0-0",
        "@angular/core": "^12.0.0 || ^13.0.0-0",
        "rxjs": "^6.5.3"
      }
    },
    "node_modules/@angular/common": {
      "version": "12.1.4",
      "resolved": "https://registry.npmjs.org/@angular/common/-/common-12.1.4.tgz",
      "integrity": "sha512-cyh2m5veGgWRFsrmPnwB/Ised90bFNZAjZepvW8WXrpEUa/tmi1yWU9+8ayRG7ztE08lyXncJSSut2Ss2PEhTA==",
      "peer": true,
      "dependencies": {
        "tslib": "^2.2.0"
      },
      "engines": {
        "node": "^12.14.1 || >=14.0.0"
      },
      "peerDependencies": {
        "@angular/core": "12.1.4",
        "rxjs": "^6.5.3"
      }
    },
    "node_modules/@angular/core": {
      "version": "12.1.4",
      "resolved": "https://registry.npmjs.org/@angular/core/-/core-12.1.4.tgz",
      "integrity": "sha512-dG7KtW0l3jI8lapmenSu1wV/d3VOphAjDxVqWOrwh+kI0da7677cEg0Ms5YIF8Nf/++WleyNxk6AIHbDIig+Sw==",
      "peer": true,
      "dependencies": {
        "tslib": "^2.2.0"
      },
      "engines": {
        "node": "^12.14.1 || >=14.0.0"
      },
      "peerDependencies": {
        "rxjs": "^6.5.3",
        "zone.js": "~0.11.4"
      }
    },
    "node_modules/@angular/forms": {
      "version": "12.1.4",
      "resolved": "https://registry.npmjs.org/@angular/forms/-/forms-12.1.4.tgz",
      "integrity": "sha512-HlPZH2HllX2/XEdAT7PkAYIEXn69KanvjxFD40++Xx5a0lMsv7HleYqRdRZYkxKUNCJljL3UqvI5sZ5CCOoVGw==",
      "peer": true,
      "dependencies": {
        "tslib": "^2.2.0"
      },
      "engines": {
        "node": "^12.14.1 || >=14.0.0"
      },
      "peerDependencies": {
        "@angular/common": "12.1.4",
        "@angular/core": "12.1.4",
        "@angular/platform-browser": "12.1.4",
        "rxjs": "^6.5.3"
      }
    },
    "node_modules/@angular/material": {
      "version": "12.1.4",
      "resolved": "https://registry.npmjs.org/@angular/material/-/material-12.1.4.tgz",
      "integrity": "sha512-lfBuk+3fxOvyIf9PknVIIC1DxYOimru06FpXq74lNcrNZcX3qCdDe/KmNbR50Wy0aEC4cOPXxJuPqm7wT8z2vg==",
      "dependencies": {
        "tslib": "^2.2.0"
      },
      "peerDependencies": {
        "@angular/animations": "^12.0.0 || ^13.0.0-0",
        "@angular/cdk": "12.1.4",
        "@angular/common": "^12.0.0 || ^13.0.0-0",
        "@angular/core": "^12.0.0 || ^13.0.0-0",
        "@angular/forms": "^12.0.0 || ^13.0.0-0",
        "rxjs": "^6.5.3"
      }
    },
    "node_modules/@angular/platform-browser": {
      "version": "12.1.4",
      "resolved": "https://registry.npmjs.org/@angular/platform-browser/-/platform-browser-12.1.4.tgz",
      "integrity": "sha512-klJbU75lUGgwZkgyXsHU47JuYh8c7prukw7MIWLw7liHXPK//bLj8kOfKwifSIJ0xzDg9UfdNSGCQqGP5N0SaQ==",
      "peer": true,
      "dependencies": {
        "tslib": "^2.2.0"
      },
      "engines": {
        "node": "^12.14.1 || >=14.0.0"
      },
      "peerDependencies": {
        "@angular/animations": "12.1.4",
        "@angular/common": "12.1.4",
        "@angular/core": "12.1.4"
      },
      "peerDependenciesMeta": {
        "@angular/animations": {
          "optional": true
        }
      }
    },
    "node_modules/parse5": {
      "version": "5.1.1",
      "resolved": "https://registry.npmjs.org/parse5/-/parse5-5.1.1.tgz",
      "integrity": "sha512-ugq4DFI0Ptb+WWjAdOK16+u/nHfiIrcE+sh8kZMaM0WllQKLI9rOUq6c2b7cwPkXdzfQESqvoqK6ug7U/Yyzug==",
      "optional": true
    },
    "node_modules/rxjs": {
      "version": "6.6.7",
      "resolved": "https://registry.npmjs.org/rxjs/-/rxjs-6.6.7.tgz",
      "integrity": "sha512-hTdwr+7yYNIT5n4AMYp85KA6yw2Va0FLa3Rguvbpa4W3I5xynaBZo41cM3XM+4Q6fRMj3sBYIR1VAmZMXYJvRQ==",
      "peer": true,
      "dependencies": {
        "tslib": "^1.9.0"
      },
      "engines": {
        "npm": ">=2.0.0"
      }
    },
    "node_modules/rxjs/node_modules/tslib": {
      "version": "1.14.1",
      "resolved": "https://registry.npmjs.org/tslib/-/tslib-1.14.1.tgz",
      "integrity": "sha512-Xni35NKzjgMrwevysHTCArtLDpPvye8zV/0E4EyYn43P7/7qvQwPh9BGkHewbMulVntbigmcT7rdX3BNo9wRJg==",
      "peer": true
    },
    "node_modules/tslib": {
      "version": "2.3.0",
      "resolved": "https://registry.npmjs.org/tslib/-/tslib-2.3.0.tgz",
      "integrity": "sha512-N82ooyxVNm6h1riLCoyS9e3fuJ3AMG2zIZs2Gd1ATcSFjSA23Q0fzjjZeh0jbJvWVDZ0cJT8yaNNaaXHzueNjg=="
    },
    "node_modules/zone.js": {
      "version": "0.11.4",
      "resolved": "https://registry.npmjs.org/zone.js/-/zone.js-0.11.4.tgz",
      "integrity": "sha512-DDh2Ab+A/B+9mJyajPjHFPWfYU1H+pdun4wnnk0OcQTNjem1XQSZ2CDW+rfZEUDjv5M19SBqAkjZi0x5wuB5Qw==",
      "peer": true,
      "dependencies": {
        "tslib": "^2.0.0"
      }
    }
  },
  "dependencies": {
    "@angular/animations": {
      "version": "12.1.4",
      "resolved": "https://registry.npmjs.org/@angular/animations/-/animations-12.1.4.tgz",
      "integrity": "sha512-6PkVF2HGwmNdG0IUUyXkxwnLdX7xVUCFldKNFap90lWTEPumO7+zcmzP4JELE6jkmHSykTZjPwlWXvuxdP+YJg==",
      "peer": true,
      "requires": {
        "tslib": "^2.2.0"
      }
    },
    "@angular/cdk": {
      "version": "12.1.4",
      "resolved": "https://registry.npmjs.org/@angular/cdk/-/cdk-12.1.4.tgz",
      "integrity": "sha512-so8HP7jRNkGfdTkPmFVqyW4pj1vU0ASG1NaZMDXnin44PVjbJpaKhQsArhQ/yOmRP9XzP6TR3zHzmxszfGiaKg==",
      "requires": {
        "parse5": "^5.0.0",
        "tslib": "^2.2.0"
      }
    },
    "@angular/common": {
      "version": "12.1.4",
      "resolved": "https://registry.npmjs.org/@angular/common/-/common-12.1.4.tgz",
      "integrity": "sha512-cyh2m5veGgWRFsrmPnwB/Ised90bFNZAjZepvW8WXrpEUa/tmi1yWU9+8ayRG7ztE08lyXncJSSut2Ss2PEhTA==",
      "peer": true,
      "requires": {
        "tslib": "^2.2.0"
      }
    },
    "@angular/core": {
      "version": "12.1.4",
      "resolved": "https://registry.npmjs.org/@angular/core/-/core-12.1.4.tgz",
      "integrity": "sha512-dG7KtW0l3jI8lapmenSu1wV/d3VOphAjDxVqWOrwh+kI0da7677cEg0Ms5YIF8Nf/++WleyNxk6AIHbDIig+Sw==",
      "peer": true,
      "requires": {
        "tslib": "^2.2.0"
      }
    },
    "@angular/forms": {
      "version": "12.1.4",
      "resolved": "https://registry.npmjs.org/@angular/forms/-/forms-12.1.4.tgz",
      "integrity": "sha512-HlPZH2HllX2/XEdAT7PkAYIEXn69KanvjxFD40++Xx5a0lMsv7HleYqRdRZYkxKUNCJljL3UqvI5sZ5CCOoVGw==",
      "peer": true,
      "requires": {
        "tslib": "^2.2.0"
      }
    },
    "@angular/material": {
      "version": "12.1.4",
      "resolved": "https://registry.npmjs.org/@angular/material/-/material-12.1.4.tgz",
      "integrity": "sha512-lfBuk+3fxOvyIf9PknVIIC1DxYOimru06FpXq74lNcrNZcX3qCdDe/KmNbR50Wy0aEC4cOPXxJuPqm7wT8z2vg==",
      "requires": {
        "tslib": "^2.2.0"
      }
    },
    "@angular/platform-browser": {
      "version": "12.1.4",
      "resolved": "https://registry.npmjs.org/@angular/platform-browser/-/platform-browser-12.1.4.tgz",
      "integrity": "sha512-klJbU75lUGgwZkgyXsHU47JuYh8c7prukw7MIWLw7liHXPK//bLj8kOfKwifSIJ0xzDg9UfdNSGCQqGP5N0SaQ==",
      "peer": true,
      "requires": {
        "tslib": "^2.2.0"
      }
    },
    "parse5": {
      "version": "5.1.1",
      "resolved": "https://registry.npmjs.org/parse5/-/parse5-5.1.1.tgz",
      "integrity": "sha512-ugq4DFI0Ptb+WWjAdOK16+u/nHfiIrcE+sh8kZMaM0WllQKLI9rOUq6c2b7cwPkXdzfQESqvoqK6ug7U/Yyzug==",
      "optional": true
    },
    "rxjs": {
      "version": "6.6.7",
      "resolved": "https://registry.npmjs.org/rxjs/-/rxjs-6.6.7.tgz",
      "integrity": "sha512-hTdwr+7yYNIT5n4AMYp85KA6yw2Va0FLa3Rguvbpa4W3I5xynaBZo41cM3XM+4Q6fRMj3sBYIR1VAmZMXYJvRQ==",
      "peer": true,
      "requires": {
        "tslib": "^1.9.0"
      },
      "dependencies": {
        "tslib": {
          "version": "1.14.1",
          "resolved": "https://registry.npmjs.org/tslib/-/tslib-1.14.1.tgz",
          "integrity": "sha512-Xni35NKzjgMrwevysHTCArtLDpPvye8zV/0E4EyYn43P7/7qvQwPh9BGkHewbMulVntbigmcT7rdX3BNo9wRJg==",
          "peer": true
        }
      }
    },
    "tslib": {
      "version": "2.3.0",
      "resolved": "https://registry.npmjs.org/tslib/-/tslib-2.3.0.tgz",
      "integrity": "sha512-N82ooyxVNm6h1riLCoyS9e3fuJ3AMG2zIZs2Gd1ATcSFjSA23Q0fzjjZeh0jbJvWVDZ0cJT8yaNNaaXHzueNjg=="
    },
    "zone.js": {
      "version": "0.11.4",
      "resolved": "https://registry.npmjs.org/zone.js/-/zone.js-0.11.4.tgz",
      "integrity": "sha512-DDh2Ab+A/B+9mJyajPjHFPWfYU1H+pdun4wnnk0OcQTNjem1XQSZ2CDW+rfZEUDjv5M19SBqAkjZi0x5wuB5Qw==",
      "peer": true,
      "requires": {
        "tslib": "^2.0.0"
      }
    }
  }
}
